
Microsoft Visual Studio Solution File, Format Version 12.00
# Visual Studio Version 17
VisualStudioVersion = 17.9.34902.65
MinimumVisualStudioVersion = 10.0.40219.1
Project("{2150E333-8FDC-42A3-9474-1A3956D46DE8}") = "src", "src", "{052BB450-A9D2-4DF5-9D8E-E50228A5BE56}"
EndProject
Project("{2150E333-8FDC-42A3-9474-1A3956D46DE8}") = "Backend", "Backend", "{7EA1EAAA-8028-4221-B55B-33C6177CD924}"
EndProject
Project("{2150E333-8FDC-42A3-9474-1A3956D46DE8}") = "Web", "Web", "{0AB60D11-81B4-42B7-8E44-DF7426FD1A25}"
EndProject
Project("{2150E333-8FDC-42A3-9474-1A3956D46DE8}") = "Mobile", "Mobile", "{9EBCD70A-9611-4CE9-B86B-545203A5C6B6}"
EndProject
Project("{9A19103F-16F7-4668-BE54-9A1E7A4F7556}") = "BlazingQuiz.Web", "src\Web\BlazingQuiz.Web\BlazingQuiz.Web.csproj", "{B594EAEF-95BC-4023-86B0-72F30D01392C}"
EndProject
Project("{9A19103F-16F7-4668-BE54-9A1E7A4F7556}") = "BlazingQuiz.Api", "src\Backend\BlazingQuiz.Api\BlazingQuiz.Api.csproj", "{53C2C028-3C7D-4B46-B666-81FE813DE9CF}"
EndProject
Project("{2150E333-8FDC-42A3-9474-1A3956D46DE8}") = "Shared", "Shared", "{C5C9A8B4-5548-4729-9C57-85C9D7E8AC39}"
EndProject
Project("{9A19103F-16F7-4668-BE54-9A1E7A4F7556}") = "BlazingQuiz.Shared", "src\Shared\BlazingQuiz.Shared\BlazingQuiz.Shared.csproj", "{6C287BFA-63E3-401E-BE5A-8A93BEEACFB9}"
EndProject
Project("{9A19103F-16F7-4668-BE54-9A1E7A4F7556}") = "BlazingQuiz.Shared.Components", "src\Shared\BlazingQuiz.Shared.Components\BlazingQuiz.Shared.Components.csproj", "{8983ACD0-A3F0-4C84-BFA6-1735CC6A8994}"
EndProject
Project("{9A19103F-16F7-4668-BE54-9A1E7A4F7556}") = "BlazingQuiz.Mobile", "src\Mobile\BlazingQuiz.Mobile\BlazingQuiz.Mobile.csproj", "{C4C16E82-8FA6-4FAC-8A0A-E95FD56F4F6F}"
EndProject
Project("{2150E333-8FDC-42A3-9474-1A3956D46DE8}") = "tests", "tests", "{F8866166-E43A-45B5-A221-4E0BB7EF7810}"
EndProject
Project("{9A19103F-16F7-4668-BE54-9A1E7A4F7556}") = "Validators.Tests", "tests\Validators.Tests\Validators.Tests.csproj", "{EC1054B8-FEA6-44FE-94D9-05FE0F992062}"
EndProject
Project("{FAE04EC0-301F-11D3-BF4B-00C04F79EFBC}") = "Common.Tests.Utilities", "tests\Common.Tests.Utilities\Common.Tests.Utilities.csproj", "{3C891CEE-7E9D-4EF5-B8EC-EAFCFD4BB6B9}"
EndProject
Global
	GlobalSection(SolutionConfigurationPlatforms) = preSolution
		Debug|Any CPU = Debug|Any CPU
		Release|Any CPU = Release|Any CPU
	EndGlobalSection
	GlobalSection(ProjectConfigurationPlatforms) = postSolution
		{B594EAEF-95BC-4023-86B0-72F30D01392C}.Debug|Any CPU.ActiveCfg = Debug|Any CPU
		{B594EAEF-95BC-4023-86B0-72F30D01392C}.Debug|Any CPU.Build.0 = Debug|Any CPU
		{B594EAEF-95BC-4023-86B0-72F30D01392C}.Release|Any CPU.ActiveCfg = Release|Any CPU
		{B594EAEF-95BC-4023-86B0-72F30D01392C}.Release|Any CPU.Build.0 = Release|Any CPU
		{53C2C028-3C7D-4B46-B666-81FE813DE9CF}.Debug|Any CPU.ActiveCfg = Debug|Any CPU
		{53C2C028-3C7D-4B46-B666-81FE813DE9CF}.Debug|Any CPU.Build.0 = Debug|Any CPU
		{53C2C028-3C7D-4B46-B666-81FE813DE9CF}.Release|Any CPU.ActiveCfg = Release|Any CPU
		{53C2C028-3C7D-4B46-B666-81FE813DE9CF}.Release|Any CPU.Build.0 = Release|Any CPU
		{6C287BFA-63E3-401E-BE5A-8A93BEEACFB9}.Debug|Any CPU.ActiveCfg = Debug|Any CPU
		{6C287BFA-63E3-401E-BE5A-8A93BEEACFB9}.Debug|Any CPU.Build.0 = Debug|Any CPU
		{6C287BFA-63E3-401E-BE5A-8A93BEEACFB9}.Release|Any CPU.ActiveCfg = Release|Any CPU
		{6C287BFA-63E3-401E-BE5A-8A93BEEACFB9}.Release|Any CPU.Build.0 = Release|Any CPU
		{8983ACD0-A3F0-4C84-BFA6-1735CC6A8994}.Debug|Any CPU.ActiveCfg = Debug|Any CPU
		{8983ACD0-A3F0-4C84-BFA6-1735CC6A8994}.Debug|Any CPU.Build.0 = Debug|Any CPU
		{8983ACD0-A3F0-4C84-BFA6-1735CC6A8994}.Release|Any CPU.ActiveCfg = Release|Any CPU
		{8983ACD0-A3F0-4C84-BFA6-1735CC6A8994}.Release|Any CPU.Build.0 = Release|Any CPU
		{C4C16E82-8FA6-4FAC-8A0A-E95FD56F4F6F}.Debug|Any CPU.ActiveCfg = Debug|Any CPU
		{C4C16E82-8FA6-4FAC-8A0A-E95FD56F4F6F}.Debug|Any CPU.Build.0 = Debug|Any CPU
		{C4C16E82-8FA6-4FAC-8A0A-E95FD56F4F6F}.Debug|Any CPU.Deploy.0 = Debug|Any CPU
		{C4C16E82-8FA6-4FAC-8A0A-E95FD56F4F6F}.Release|Any CPU.ActiveCfg = Release|Any CPU
		{C4C16E82-8FA6-4FAC-8A0A-E95FD56F4F6F}.Release|Any CPU.Build.0 = Release|Any CPU
		{C4C16E82-8FA6-4FAC-8A0A-E95FD56F4F6F}.Release|Any CPU.Deploy.0 = Release|Any CPU
		{EC1054B8-FEA6-44FE-94D9-05FE0F992062}.Debug|Any CPU.ActiveCfg = Debug|Any CPU
		{EC1054B8-FEA6-44FE-94D9-05FE0F992062}.Debug|Any CPU.Build.0 = Debug|Any CPU
		{EC1054B8-FEA6-44FE-94D9-05FE0F992062}.Release|Any CPU.ActiveCfg = Release|Any CPU
		{EC1054B8-FEA6-44FE-94D9-05FE0F992062}.Release|Any CPU.Build.0 = Release|Any CPU
		{3C891CEE-7E9D-4EF5-B8EC-EAFCFD4BB6B9}.Debug|Any CPU.ActiveCfg = Debug|Any CPU
		{3C891CEE-7E9D-4EF5-B8EC-EAFCFD4BB6B9}.Debug|Any CPU.Build.0 = Debug|Any CPU
		{3C891CEE-7E9D-4EF5-B8EC-EAFCFD4BB6B9}.Release|Any CPU.ActiveCfg = Release|Any CPU
		{3C891CEE-7E9D-4EF5-B8EC-EAFCFD4BB6B9}.Release|Any CPU.Build.0 = Release|Any CPU
	EndGlobalSection
	GlobalSection(SolutionProperties) = preSolution
		HideSolutionNode = FALSE
	EndGlobalSection
	GlobalSection(NestedProjects) = preSolution
		{7EA1EAAA-8028-4221-B55B-33C6177CD924} = {052BB450-A9D2-4DF5-9D8E-E50228A5BE56}
		{0AB60D11-81B4-42B7-8E44-DF7426FD1A25} = {052BB450-A9D2-4DF5-9D8E-E50228A5BE56}
		{9EBCD70A-9611-4CE9-B86B-545203A5C6B6} = {052BB450-A9D2-4DF5-9D8E-E50228A5BE56}
		{B594EAEF-95BC-4023-86B0-72F30D01392C} = {0AB60D11-81B4-42B7-8E44-DF7426FD1A25}
		{53C2C028-3C7D-4B46-B666-81FE813DE9CF} = {7EA1EAAA-8028-4221-B55B-33C6177CD924}
		{C5C9A8B4-5548-4729-9C57-85C9D7E8AC39} = {052BB450-A9D2-4DF5-9D8E-E50228A5BE56}
		{6C287BFA-63E3-401E-BE5A-8A93BEEACFB9} = {C5C9A8B4-5548-4729-9C57-85C9D7E8AC39}
		{8983ACD0-A3F0-4C84-BFA6-1735CC6A8994} = {C5C9A8B4-5548-4729-9C57-85C9D7E8AC39}
		{C4C16E82-8FA6-4FAC-8A0A-E95FD56F4F6F} = {9EBCD70A-9611-4CE9-B86B-545203A5C6B6}
		{EC1054B8-FEA6-44FE-94D9-05FE0F992062} = {F8866166-E43A-45B5-A221-4E0BB7EF7810}
		{3C891CEE-7E9D-4EF5-B8EC-EAFCFD4BB6B9} = {F8866166-E43A-45B5-A221-4E0BB7EF7810}
	EndGlobalSection
	GlobalSection(ExtensibilityGlobals) = postSolution
		SolutionGuid = {98215AB2-A6C9-4E24-B7E8-6FD79AFF93C2}
	EndGlobalSection
EndGlobal
